// !$*UTF8*$!
{
	archiveVersion = 1;
	classes = {
	};
	objectVersion = 46;
	objects = {

/* Begin PBXBuildFile section */
		8698FF7219322AC200C2AA3A /* Foundation.framework in Frameworks */ = {isa = PBXBuildFile; fileRef = 8698FF7119322AC200C2AA3A /* Foundation.framework */; };
		8698FF7419322AC200C2AA3A /* CoreGraphics.framework in Frameworks */ = {isa = PBXBuildFile; fileRef = 8698FF7319322AC200C2AA3A /* CoreGraphics.framework */; };
		8698FF7619322AC200C2AA3A /* UIKit.framework in Frameworks */ = {isa = PBXBuildFile; fileRef = 8698FF7519322AC200C2AA3A /* UIKit.framework */; };
		8698FF7819322AC200C2AA3A /* CoreData.framework in Frameworks */ = {isa = PBXBuildFile; fileRef = 8698FF7719322AC200C2AA3A /* CoreData.framework */; };
		8698FF7E19322AC300C2AA3A /* InfoPlist.strings in Resources */ = {isa = PBXBuildFile; fileRef = 8698FF7C19322AC300C2AA3A /* InfoPlist.strings */; };
		8698FF8019322AC400C2AA3A /* main.m in Sources */ = {isa = PBXBuildFile; fileRef = 8698FF7F19322AC400C2AA3A /* main.m */; };
		8698FF8419322AC400C2AA3A /* WWAppDelegate.m in Sources */ = {isa = PBXBuildFile; fileRef = 8698FF8319322AC400C2AA3A /* WWAppDelegate.m */; };
		8698FF8719322AC500C2AA3A /* Speed.xcdatamodeld in Sources */ = {isa = PBXBuildFile; fileRef = 8698FF8519322AC500C2AA3A /* Speed.xcdatamodeld */; };
		8698FF8919322AC600C2AA3A /* Images.xcassets in Resources */ = {isa = PBXBuildFile; fileRef = 8698FF8819322AC600C2AA3A /* Images.xcassets */; };
		8698FF9019322AC600C2AA3A /* XCTest.framework in Frameworks */ = {isa = PBXBuildFile; fileRef = 8698FF8F19322AC600C2AA3A /* XCTest.framework */; };
		8698FF9119322AC600C2AA3A /* Foundation.framework in Frameworks */ = {isa = PBXBuildFile; fileRef = 8698FF7119322AC200C2AA3A /* Foundation.framework */; };
		8698FF9219322AC600C2AA3A /* UIKit.framework in Frameworks */ = {isa = PBXBuildFile; fileRef = 8698FF7519322AC200C2AA3A /* UIKit.framework */; };
		8698FF9319322AC600C2AA3A /* CoreData.framework in Frameworks */ = {isa = PBXBuildFile; fileRef = 8698FF7719322AC200C2AA3A /* CoreData.framework */; };
		8698FF9B19322AC700C2AA3A /* InfoPlist.strings in Resources */ = {isa = PBXBuildFile; fileRef = 8698FF9919322AC700C2AA3A /* InfoPlist.strings */; };
		8698FF9D19322AC800C2AA3A /* SpeedTests.m in Sources */ = {isa = PBXBuildFile; fileRef = 8698FF9C19322AC800C2AA3A /* SpeedTests.m */; };
		8698FFA719322C9400C2AA3A /* Storyboard.storyboard in Resources */ = {isa = PBXBuildFile; fileRef = 8698FFA619322C9400C2AA3A /* Storyboard.storyboard */; };
		8698FFAB19322D2800C2AA3A /* WWSpeedController.m in Sources */ = {isa = PBXBuildFile; fileRef = 8698FFAA19322D2800C2AA3A /* WWSpeedController.m */; };
		8698FFAE19322E5900C2AA3A /* WWLocationManager.m in Sources */ = {isa = PBXBuildFile; fileRef = 8698FFAD19322E5900C2AA3A /* WWLocationManager.m */; };
/* End PBXBuildFile section */

/* Begin PBXContainerItemProxy section */
		8698FF9419322AC600C2AA3A /* PBXContainerItemProxy */ = {
			isa = PBXContainerItemProxy;
			containerPortal = 8698FF6619322AC100C2AA3A /* Project object */;
			proxyType = 1;
			remoteGlobalIDString = 8698FF6D19322AC200C2AA3A;
			remoteInfo = Speed;
		};
/* End PBXContainerItemProxy section */

/* Begin PBXFileReference section */
		8698FF6E19322AC200C2AA3A /* Speed.app */ = {isa = PBXFileReference; explicitFileType = wrapper.application; includeInIndex = 0; path = Speed.app; sourceTree = BUILT_PRODUCTS_DIR; };
		8698FF7119322AC200C2AA3A /* Foundation.framework */ = {isa = PBXFileReference; lastKnownFileType = wrapper.framework; name = Foundation.framework; path = System/Library/Frameworks/Foundation.framework; sourceTree = SDKROOT; };
		8698FF7319322AC200C2AA3A /* CoreGraphics.framework */ = {isa = PBXFileReference; lastKnownFileType = wrapper.framework; name = CoreGraphics.framework; path = System/Library/Frameworks/CoreGraphics.framework; sourceTree = SDKROOT; };
		8698FF7519322AC200C2AA3A /* UIKit.framework */ = {isa = PBXFileReference; lastKnownFileType = wrapper.framework; name = UIKit.framework; path = System/Library/Frameworks/UIKit.framework; sourceTree = SDKROOT; };
		8698FF7719322AC200C2AA3A /* CoreData.framework */ = {isa = PBXFileReference; lastKnownFileType = wrapper.framework; name = CoreData.framework; path = System/Library/Frameworks/CoreData.framework; sourceTree = SDKROOT; };
		8698FF7B19322AC300C2AA3A /* Speed-Info.plist */ = {isa = PBXFileReference; lastKnownFileType = text.plist.xml; path = "Speed-Info.plist"; sourceTree = "<group>"; };
		8698FF7D19322AC300C2AA3A /* en */ = {isa = PBXFileReference; lastKnownFileType = text.plist.strings; name = en; path = en.lproj/InfoPlist.strings; sourceTree = "<group>"; };
		8698FF7F19322AC400C2AA3A /* main.m */ = {isa = PBXFileReference; lastKnownFileType = sourcecode.c.objc; path = main.m; sourceTree = "<group>"; };
		8698FF8119322AC400C2AA3A /* Speed-Prefix.pch */ = {isa = PBXFileReference; lastKnownFileType = sourcecode.c.h; path = "Speed-Prefix.pch"; sourceTree = "<group>"; };
		8698FF8219322AC400C2AA3A /* WWAppDelegate.h */ = {isa = PBXFileReference; lastKnownFileType = sourcecode.c.h; path = WWAppDelegate.h; sourceTree = "<group>"; };
		8698FF8319322AC400C2AA3A /* WWAppDelegate.m */ = {isa = PBXFileReference; lastKnownFileType = sourcecode.c.objc; path = WWAppDelegate.m; sourceTree = "<group>"; };
		8698FF8619322AC500C2AA3A /* Speed.xcdatamodel */ = {isa = PBXFileReference; lastKnownFileType = wrapper.xcdatamodel; path = Speed.xcdatamodel; sourceTree = "<group>"; };
		8698FF8819322AC600C2AA3A /* Images.xcassets */ = {isa = PBXFileReference; lastKnownFileType = folder.assetcatalog; path = Images.xcassets; sourceTree = "<group>"; };
		8698FF8E19322AC600C2AA3A /* SpeedTests.xctest */ = {isa = PBXFileReference; explicitFileType = wrapper.cfbundle; includeInIndex = 0; path = SpeedTests.xctest; sourceTree = BUILT_PRODUCTS_DIR; };
		8698FF8F19322AC600C2AA3A /* XCTest.framework */ = {isa = PBXFileReference; lastKnownFileType = wrapper.framework; name = XCTest.framework; path = Library/Frameworks/XCTest.framework; sourceTree = DEVELOPER_DIR; };
		8698FF9819322AC700C2AA3A /* SpeedTests-Info.plist */ = {isa = PBXFileReference; lastKnownFileType = text.plist.xml; path = "SpeedTests-Info.plist"; sourceTree = "<group>"; };
		8698FF9A19322AC700C2AA3A /* en */ = {isa = PBXFileReference; lastKnownFileType = text.plist.strings; name = en; path = en.lproj/InfoPlist.strings; sourceTree = "<group>"; };
		8698FF9C19322AC800C2AA3A /* SpeedTests.m */ = {isa = PBXFileReference; lastKnownFileType = sourcecode.c.objc; path = SpeedTests.m; sourceTree = "<group>"; };
		8698FFA619322C9400C2AA3A /* Storyboard.storyboard */ = {isa = PBXFileReference; fileEncoding = 4; lastKnownFileType = file.storyboard; path = Storyboard.storyboard; sourceTree = "<group>"; };
		8698FFA919322D2800C2AA3A /* WWSpeedController.h */ = {isa = PBXFileReference; fileEncoding = 4; lastKnownFileType = sourcecode.c.h; path = WWSpeedController.h; sourceTree = "<group>"; };
		8698FFAA19322D2800C2AA3A /* WWSpeedController.m */ = {isa = PBXFileReference; fileEncoding = 4; lastKnownFileType = sourcecode.c.objc; path = WWSpeedController.m; sourceTree = "<group>"; };
		8698FFAC19322E5900C2AA3A /* WWLocationManager.h */ = {isa = PBXFileReference; fileEncoding = 4; lastKnownFileType = sourcecode.c.h; path = WWLocationManager.h; sourceTree = "<group>"; };
		8698FFAD19322E5900C2AA3A /* WWLocationManager.m */ = {isa = PBXFileReference; fileEncoding = 4; lastKnownFileType = sourcecode.c.objc; path = WWLocationManager.m; sourceTree = "<group>"; };
/* End PBXFileReference section */

/* Begin PBXFrameworksBuildPhase section */
		8698FF6B19322AC200C2AA3A /* Frameworks */ = {
			isa = PBXFrameworksBuildPhase;
			buildActionMask = 2147483647;
			files = (
				8698FF7419322AC200C2AA3A /* CoreGraphics.framework in Frameworks */,
				8698FF7819322AC200C2AA3A /* CoreData.framework in Frameworks */,
				8698FF7619322AC200C2AA3A /* UIKit.framework in Frameworks */,
				8698FF7219322AC200C2AA3A /* Foundation.framework in Frameworks */,
			);
			runOnlyForDeploymentPostprocessing = 0;
		};
		8698FF8B19322AC600C2AA3A /* Frameworks */ = {
			isa = PBXFrameworksBuildPhase;
			buildActionMask = 2147483647;
			files = (
				8698FF9019322AC600C2AA3A /* XCTest.framework in Frameworks */,
				8698FF9319322AC600C2AA3A /* CoreData.framework in Frameworks */,
				8698FF9219322AC600C2AA3A /* UIKit.framework in Frameworks */,
				8698FF9119322AC600C2AA3A /* Foundation.framework in Frameworks */,
			);
			runOnlyForDeploymentPostprocessing = 0;
		};
/* End PBXFrameworksBuildPhase section */

/* Begin PBXGroup section */
		8698FF6519322AC100C2AA3A = {
			isa = PBXGroup;
			children = (
				8698FF7919322AC200C2AA3A /* Speed */,
				8698FF9619322AC700C2AA3A /* SpeedTests */,
				8698FF7019322AC200C2AA3A /* Frameworks */,
				8698FF6F19322AC200C2AA3A /* Products */,
			);
			sourceTree = "<group>";
		};
		8698FF6F19322AC200C2AA3A /* Products */ = {
			isa = PBXGroup;
			children = (
				8698FF6E19322AC200C2AA3A /* Speed.app */,
				8698FF8E19322AC600C2AA3A /* SpeedTests.xctest */,
			);
			name = Products;
			sourceTree = "<group>";
		};
		8698FF7019322AC200C2AA3A /* Frameworks */ = {
			isa = PBXGroup;
			children = (
				8698FF7119322AC200C2AA3A /* Foundation.framework */,
				8698FF7319322AC200C2AA3A /* CoreGraphics.framework */,
				8698FF7519322AC200C2AA3A /* UIKit.framework */,
				8698FF7719322AC200C2AA3A /* CoreData.framework */,
				8698FF8F19322AC600C2AA3A /* XCTest.framework */,
			);
			name = Frameworks;
			sourceTree = "<group>";
		};
		8698FF7919322AC200C2AA3A /* Speed */ = {
			isa = PBXGroup;
			children = (
				8698FFA819322D0A00C2AA3A /* Speed */,
				8698FF8219322AC400C2AA3A /* WWAppDelegate.h */,
				8698FF8319322AC400C2AA3A /* WWAppDelegate.m */,
				8698FFA619322C9400C2AA3A /* Storyboard.storyboard */,
				8698FF8819322AC600C2AA3A /* Images.xcassets */,
				8698FF8519322AC500C2AA3A /* Speed.xcdatamodeld */,
				8698FF7A19322AC300C2AA3A /* Supporting Files */,
			);
			path = Speed;
			sourceTree = "<group>";
		};
		8698FF7A19322AC300C2AA3A /* Supporting Files */ = {
			isa = PBXGroup;
			children = (
				8698FF7B19322AC300C2AA3A /* Speed-Info.plist */,
				8698FF7C19322AC300C2AA3A /* InfoPlist.strings */,
				8698FF7F19322AC400C2AA3A /* main.m */,
				8698FF8119322AC400C2AA3A /* Speed-Prefix.pch */,
			);
			name = "Supporting Files";
			sourceTree = "<group>";
		};
		8698FF9619322AC700C2AA3A /* SpeedTests */ = {
			isa = PBXGroup;
			children = (
				8698FF9C19322AC800C2AA3A /* SpeedTests.m */,
				8698FF9719322AC700C2AA3A /* Supporting Files */,
			);
			path = SpeedTests;
			sourceTree = "<group>";
		};
		8698FF9719322AC700C2AA3A /* Supporting Files */ = {
			isa = PBXGroup;
			children = (
				8698FF9819322AC700C2AA3A /* SpeedTests-Info.plist */,
				8698FF9919322AC700C2AA3A /* InfoPlist.strings */,
			);
			name = "Supporting Files";
			sourceTree = "<group>";
		};
		8698FFA819322D0A00C2AA3A /* Speed */ = {
			isa = PBXGroup;
			children = (
				8698FFA919322D2800C2AA3A /* WWSpeedController.h */,
				8698FFAA19322D2800C2AA3A /* WWSpeedController.m */,
				8698FFAC19322E5900C2AA3A /* WWLocationManager.h */,
				8698FFAD19322E5900C2AA3A /* WWLocationManager.m */,
			);
			name = Speed;
			sourceTree = "<group>";
		};
/* End PBXGroup section */

/* Begin PBXNativeTarget section */
		8698FF6D19322AC200C2AA3A /* Speed */ = {
			isa = PBXNativeTarget;
			buildConfigurationList = 8698FFA019322AC800C2AA3A /* Build configuration list for PBXNativeTarget "Speed" */;
			buildPhases = (
				8698FF6A19322AC200C2AA3A /* Sources */,
				8698FF6B19322AC200C2AA3A /* Frameworks */,
				8698FF6C19322AC200C2AA3A /* Resources */,
			);
			buildRules = (
			);
			dependencies = (
			);
			name = Speed;
			productName = Speed;
			productReference = 8698FF6E19322AC200C2AA3A /* Speed.app */;
			productType = "com.apple.product-type.application";
		};
		8698FF8D19322AC600C2AA3A /* SpeedTests */ = {
			isa = PBXNativeTarget;
			buildConfigurationList = 8698FFA319322AC800C2AA3A /* Build configuration list for PBXNativeTarget "SpeedTests" */;
			buildPhases = (
				8698FF8A19322AC600C2AA3A /* Sources */,
				8698FF8B19322AC600C2AA3A /* Frameworks */,
				8698FF8C19322AC600C2AA3A /* Resources */,
			);
			buildRules = (
			);
			dependencies = (
				8698FF9519322AC600C2AA3A /* PBXTargetDependency */,
			);
			name = SpeedTests;
			productName = SpeedTests;
			productReference = 8698FF8E19322AC600C2AA3A /* SpeedTests.xctest */;
			productType = "com.apple.product-type.bundle.unit-test";
		};
/* End PBXNativeTarget section */

/* Begin PBXProject section */
		8698FF6619322AC100C2AA3A /* Project object */ = {
			isa = PBXProject;
			attributes = {
				CLASSPREFIX = WW;
				LastUpgradeCheck = 0510;
				ORGANIZATIONNAME = WeddingWire;
				TargetAttributes = {
					8698FF8D19322AC600C2AA3A = {
						TestTargetID = 8698FF6D19322AC200C2AA3A;
					};
				};
			};
			buildConfigurationList = 8698FF6919322AC100C2AA3A /* Build configuration list for PBXProject "Speed" */;
			compatibilityVersion = "Xcode 3.2";
			developmentRegion = English;
			hasScannedForEncodings = 0;
			knownRegions = (
				en,
			);
			mainGroup = 8698FF6519322AC100C2AA3A;
			productRefGroup = 8698FF6F19322AC200C2AA3A /* Products */;
			projectDirPath = "";
			projectRoot = "";
			targets = (
				8698FF6D19322AC200C2AA3A /* Speed */,
				8698FF8D19322AC600C2AA3A /* SpeedTests */,
			);
		};
/* End PBXProject section */

/* Begin PBXResourcesBuildPhase section */
		8698FF6C19322AC200C2AA3A /* Resources */ = {
			isa = PBXResourcesBuildPhase;
			buildActionMask = 2147483647;
			files = (
				8698FF7E19322AC300C2AA3A /* InfoPlist.strings in Resources */,
				8698FF8919322AC600C2AA3A /* Images.xcassets in Resources */,
				8698FFA719322C9400C2AA3A /* Storyboard.storyboard in Resources */,
			);
			runOnlyForDeploymentPostprocessing = 0;
		};
		8698FF8C19322AC600C2AA3A /* Resources */ = {
			isa = PBXResourcesBuildPhase;
			buildActionMask = 2147483647;
			files = (
				8698FF9B19322AC700C2AA3A /* InfoPlist.strings in Resources */,
			);
			runOnlyForDeploymentPostprocessing = 0;
		};
/* End PBXResourcesBuildPhase section */

/* Begin PBXSourcesBuildPhase section */
		8698FF6A19322AC200C2AA3A /* Sources */ = {
			isa = PBXSourcesBuildPhase;
			buildActionMask = 2147483647;
			files = (
				8698FF8419322AC400C2AA3A /* WWAppDelegate.m in Sources */,
				8698FFAB19322D2800C2AA3A /* WWSpeedController.m in Sources */,
				8698FFAE19322E5900C2AA3A /* WWLocationManager.m in Sources */,
				8698FF8719322AC500C2AA3A /* Speed.xcdatamodeld in Sources */,
				8698FF8019322AC400C2AA3A /* main.m in Sources */,
			);
			runOnlyForDeploymentPostprocessing = 0;
		};
		8698FF8A19322AC600C2AA3A /* Sources */ = {
			isa = PBXSourcesBuildPhase;
			buildActionMask = 2147483647;
			files = (
				8698FF9D19322AC800C2AA3A /* SpeedTests.m in Sources */,
			);
			runOnlyForDeploymentPostprocessing = 0;
		};
/* End PBXSourcesBuildPhase section */

/* Begin PBXTargetDependency section */
		8698FF9519322AC600C2AA3A /* PBXTargetDependency */ = {
			isa = PBXTargetDependency;
			target = 8698FF6D19322AC200C2AA3A /* Speed */;
			targetProxy = 8698FF9419322AC600C2AA3A /* PBXContainerItemProxy */;
		};
/* End PBXTargetDependency section */

/* Begin PBXVariantGroup section */
		8698FF7C19322AC300C2AA3A /* InfoPlist.strings */ = {
			isa = PBXVariantGroup;
			children = (
				8698FF7D19322AC300C2AA3A /* en */,
			);
			name = InfoPlist.strings;
			sourceTree = "<group>";
		};
		8698FF9919322AC700C2AA3A /* InfoPlist.strings */ = {
			isa = PBXVariantGroup;
			children = (
				8698FF9A19322AC700C2AA3A /* en */,
			);
			name = InfoPlist.strings;
			sourceTree = "<group>";
		};
/* End PBXVariantGroup section */

/* Begin XCBuildConfiguration section */
		8698FF9E19322AC800C2AA3A /* Debug */ = {
			isa = XCBuildConfiguration;
			buildSettings = {
				ALWAYS_SEARCH_USER_PATHS = NO;
				CLANG_CXX_LANGUAGE_STANDARD = "gnu++0x";
				CLANG_CXX_LIBRARY = "libc++";
				CLANG_ENABLE_MODULES = YES;
				CLANG_ENABLE_OBJC_ARC = YES;
				CLANG_WARN_BOOL_CONVERSION = YES;
				CLANG_WARN_CONSTANT_CONVERSION = YES;
				CLANG_WARN_DIRECT_OBJC_ISA_USAGE = YES_ERROR;
				CLANG_WARN_EMPTY_BODY = YES;
				CLANG_WARN_ENUM_CONVERSION = YES;
				CLANG_WARN_INT_CONVERSION = YES;
				CLANG_WARN_OBJC_ROOT_CLASS = YES_ERROR;
				CLANG_WARN__DUPLICATE_METHOD_MATCH = YES;
				"CODE_SIGN_IDENTITY[sdk=iphoneos*]" = "iPhone Developer";
				COPY_PHASE_STRIP = NO;
				GCC_C_LANGUAGE_STANDARD = gnu99;
				GCC_DYNAMIC_NO_PIC = NO;
				GCC_OPTIMIZATION_LEVEL = 0;
				GCC_PREPROCESSOR_DEFINITIONS = (
					"DEBUG=1",
					"$(inherited)",
				);
				GCC_SYMBOLS_PRIVATE_EXTERN = NO;
				GCC_WARN_64_TO_32_BIT_CONVERSION = YES;
				GCC_WARN_ABOUT_RETURN_TYPE = YES_ERROR;
				GCC_WARN_UNDECLARED_SELECTOR = YES;
				GCC_WARN_UNINITIALIZED_AUTOS = YES_AGGRESSIVE;
				GCC_WARN_UNUSED_FUNCTION = YES;
				GCC_WARN_UNUSED_VARIABLE = YES;
				IPHONEOS_DEPLOYMENT_TARGET = 7.1;
				ONLY_ACTIVE_ARCH = YES;
				SDKROOT = iphoneos;
			};
			name = Debug;
		};
		8698FF9F19322AC800C2AA3A /* Release */ = {
			isa = XCBuildConfiguration;
			buildSettings = {
				ALWAYS_SEARCH_USER_PATHS = NO;
				CLANG_CXX_LANGUAGE_STANDARD = "gnu++0x";
				CLANG_CXX_LIBRARY = "libc++";
				CLANG_ENABLE_MODULES = YES;
				CLANG_ENABLE_OBJC_ARC = YES;
				CLANG_WARN_BOOL_CONVERSION = YES;
				CLANG_WARN_CONSTANT_CONVERSION = YES;
				CLANG_WARN_DIRECT_OBJC_ISA_USAGE = YES_ERROR;
				CLANG_WARN_EMPTY_BODY = YES;
				CLANG_WARN_ENUM_CONVERSION = YES;
				CLANG_WARN_INT_CONVERSION = YES;
				CLANG_WARN_OBJC_ROOT_CLASS = YES_ERROR;
				CLANG_WARN__DUPLICATE_METHOD_MATCH = YES;
				"CODE_SIGN_IDENTITY[sdk=iphoneos*]" = "iPhone Developer";
				COPY_PHASE_STRIP = YES;
				ENABLE_NS_ASSERTIONS = NO;
				GCC_C_LANGUAGE_STANDARD = gnu99;
				GCC_WARN_64_TO_32_BIT_CONVERSION = YES;
				GCC_WARN_ABOUT_RETURN_TYPE = YES_ERROR;
				GCC_WARN_UNDECLARED_SELECTOR = YES;
				GCC_WARN_UNINITIALIZED_AUTOS = YES_AGGRESSIVE;
				GCC_WARN_UNUSED_FUNCTION = YES;
				GCC_WARN_UNUSED_VARIABLE = YES;
				IPHONEOS_DEPLOYMENT_TARGET = 7.1;
				SDKROOT = iphoneos;
				VALIDATE_PRODUCT = YES;
			};
			name = Release;
		};
		8698FFA119322AC800C2AA3A /* Debug */ = {
			isa = XCBuildConfiguration;
			buildSettings = {
				ASSETCATALOG_COMPILER_APPICON_NAME = AppIcon;
				ASSETCATALOG_COMPILER_LAUNCHIMAGE_NAME = LaunchImage;
				GCC_PRECOMPILE_PREFIX_HEADER = YES;
				GCC_PREFIX_HEADER = "Speed/Speed-Prefix.pch";
				INFOPLIST_FILE = "Speed/Speed-Info.plist";
				PRODUCT_NAME = "$(TARGET_NAME)";
				WRAPPER_EXTENSION = app;
			};
			name = Debug;
		};
		8698FFA219322AC800C2AA3A /* Release */ = {
			isa = XCBuildConfiguration;
			buildSettings = {
				ASSETCATALOG_COMPILER_APPICON_NAME = AppIcon;
				ASSETCATALOG_COMPILER_LAUNCHIMAGE_NAME = LaunchImage;
				GCC_PRECOMPILE_PREFIX_HEADER = YES;
				GCC_PREFIX_HEADER = "Speed/Speed-Prefix.pch";
				INFOPLIST_FILE = "Speed/Speed-Info.plist";
				PRODUCT_NAME = "$(TARGET_NAME)";
				WRAPPER_EXTENSION = app;
			};
			name = Release;
		};
		8698FFA419322AC800C2AA3A /* Debug */ = {
			isa = XCBuildConfiguration;
			buildSettings = {
				BUNDLE_LOADER = "$(BUILT_PRODUCTS_DIR)/Speed.app/Speed";
				FRAMEWORK_SEARCH_PATHS = (
					"$(SDKROOT)/Developer/Library/Frameworks",
					"$(inherited)",
					"$(DEVELOPER_FRAMEWORKS_DIR)",
				);
				GCC_PRECOMPILE_PREFIX_HEADER = YES;
				GCC_PREFIX_HEADER = "Speed/Speed-Prefix.pch";
				GCC_PREPROCESSOR_DEFINITIONS = (
					"DEBUG=1",
					"$(inherited)",
				);
				INFOPLIST_FILE = "SpeedTests/SpeedTests-Info.plist";
				PRODUCT_NAME = "$(TARGET_NAME)";
				TEST_HOST = "$(BUNDLE_LOADER)";
				WRAPPER_EXTENSION = xctest;
			};
			name = Debug;
		};
		8698FFA519322AC800C2AA3A /* Release */ = {
			isa = XCBuildConfiguration;
			buildSettings = {
				BUNDLE_LOADER = "$(BUILT_PRODUCTS_DIR)/Speed.app/Speed";
				FRAMEWORK_SEARCH_PATHS = (
					"$(SDKROOT)/Developer/Library/Frameworks",
					"$(inherited)",
					"$(DEVELOPER_FRAMEWORKS_DIR)",
				);
				GCC_PRECOMPILE_PREFIX_HEADER = YES;
				GCC_PREFIX_HEADER = "Speed/Speed-Prefix.pch";
				INFOPLIST_FILE = "SpeedTests/SpeedTests-Info.plist";
				PRODUCT_NAME = "$(TARGET_NAME)";
				TEST_HOST = "$(BUNDLE_LOADER)";
				WRAPPER_EXTENSION = xctest;
			};
			name = Release;
		};
/* End XCBuildConfiguration section */

/* Begin XCConfigurationList section */
		8698FF6919322AC100C2AA3A /* Build configuration list for PBXProject "Speed" */ = {
			isa = XCConfigurationList;
			buildConfigurations = (
				8698FF9E19322AC800C2AA3A /* Debug */,
				8698FF9F19322AC800C2AA3A /* Release */,
			);
			defaultConfigurationIsVisible = 0;
			defaultConfigurationName = Release;
		};
		8698FFA019322AC800C2AA3A /* Build configuration list for PBXNativeTarget "Speed" */ = {
			isa = XCConfigurationList;
			buildConfigurations = (
				8698FFA119322AC800C2AA3A /* Debug */,
				8698FFA219322AC800C2AA3A /* Release */,
			);
			defaultConfigurationIsVisible = 0;
		};
		8698FFA319322AC800C2AA3A /* Build configuration list for PBXNativeTarget "SpeedTests" */ = {
			isa = XCConfigurationList;
			buildConfigurations = (
				8698FFA419322AC800C2AA3A /* Debug */,
				8698FFA519322AC800C2AA3A /* Release */,
			);
			defaultConfigurationIsVisible = 0;
		};
/* End XCConfigurationList section */

/* Begin XCVersionGroup section */
		8698FF8519322AC500C2AA3A /* Speed.xcdatamodeld */ = {
			isa = XCVersionGroup;
			children = (
				8698FF8619322AC500C2AA3A /* Speed.xcdatamodel */,
			);
			currentVersion = 8698FF8619322AC500C2AA3A /* Speed.xcdatamodel */;
			path = Speed.xcdatamodeld;
			sourceTree = "<group>";
			versionGroupType = wrapper.xcdatamodel;
		};
/* End XCVersionGroup section */
	};
	rootObject = 8698FF6619322AC100C2AA3A /* Project object */;
}
